// !$*UTF8*$!
{
	archiveVersion = 1;
	classes = {
	};
	objectVersion = 77;
	objects = {

/* Begin PBXBuildFile section */
		3C0E64A72EAE3A3F00512E52 /* GetArticleDetailUseCase.swift in Sources */ = {isa = PBXBuildFile; fileRef = 3C0E64962EAE3A3F00512E52 /* GetArticleDetailUseCase.swift */; };
		3C0E64A82EAE3A3F00512E52 /* GetArticlesUseCase.swift in Sources */ = {isa = PBXBuildFile; fileRef = 3C0E64972EAE3A3F00512E52 /* GetArticlesUseCase.swift */; };
		3C0E64A92EAE3A3F00512E52 /* AppDelegate.swift in Sources */ = {isa = PBXBuildFile; fileRef = 3C0E649D2EAE3A3F00512E52 /* AppDelegate.swift */; };
		3C0E64AB2EAE3A3F00512E52 /* ViewController.swift in Sources */ = {isa = PBXBuildFile; fileRef = 3C0E64A52EAE3A3F00512E52 /* ViewController.swift */; };
		3C0E64AC2EAE3A3F00512E52 /* Assets.xcassets in Resources */ = {isa = PBXBuildFile; fileRef = 3C0E649E2EAE3A3F00512E52 /* Assets.xcassets */; };
		3C0E64AE2EAE3A3F00512E52 /* LaunchScreen.storyboard in Resources */ = {isa = PBXBuildFile; fileRef = 3C0E64A12EAE3A3F00512E52 /* LaunchScreen.storyboard */; };
		3C0E64AF2EAE3A3F00512E52 /* Main.storyboard in Resources */ = {isa = PBXBuildFile; fileRef = 3C0E64A32EAE3A3F00512E52 /* Main.storyboard */; };
		3C0E64B22EAE3A4300512E52 /* Layered_Architecture___SOLIDTests.swift in Sources */ = {isa = PBXBuildFile; fileRef = 3C0E64B02EAE3A4300512E52 /* Layered_Architecture___SOLIDTests.swift */; };
		3C0E64B62EAE3A4800512E52 /* Layered_Architecture___SOLIDUITests.swift in Sources */ = {isa = PBXBuildFile; fileRef = 3C0E64B32EAE3A4800512E52 /* Layered_Architecture___SOLIDUITests.swift */; };
		3C0E64B72EAE3A4800512E52 /* Layered_Architecture___SOLIDUITestsLaunchTests.swift in Sources */ = {isa = PBXBuildFile; fileRef = 3C0E64B42EAE3A4800512E52 /* Layered_Architecture___SOLIDUITestsLaunchTests.swift */; };
		3C0E64BE2EAE3CE500512E52 /* ArticleDetailViewController.swift in Sources */ = {isa = PBXBuildFile; fileRef = 3C0E64BD2EAE3CDF00512E52 /* ArticleDetailViewController.swift */; };
		3C0E64C02EAE3CED00512E52 /* ArticleListViewController.swift in Sources */ = {isa = PBXBuildFile; fileRef = 3C0E64BF2EAE3CE800512E52 /* ArticleListViewController.swift */; };
		3C0E64C42EAE3D3700512E52 /* Article.swift in Sources */ = {isa = PBXBuildFile; fileRef = 3C0E64C32EAE3D3200512E52 /* Article.swift */; };
		3C0E64C62EAE3D4400512E52 /* ArticleRepository.swift in Sources */ = {isa = PBXBuildFile; fileRef = 3C0E64C52EAE3D3B00512E52 /* ArticleRepository.swift */; };
		3C0E64CA2EAE3D5F00512E52 /* ArticleDTO.swift in Sources */ = {isa = PBXBuildFile; fileRef = 3C0E64C92EAE3D5B00512E52 /* ArticleDTO.swift */; };
		3C0E64CC2EAE3D6600512E52 /* Mappers.swift in Sources */ = {isa = PBXBuildFile; fileRef = 3C0E64CB2EAE3D6300512E52 /* Mappers.swift */; };
		3C0E64CE2EAE3D7A00512E52 /* ArticleRemoteDataSource.swift in Sources */ = {isa = PBXBuildFile; fileRef = 3C0E64CD2EAE3D7400512E52 /* ArticleRemoteDataSource.swift */; };
		3C0E64D02EAE3D8300512E52 /* ArticleLocalDataSource.swift in Sources */ = {isa = PBXBuildFile; fileRef = 3C0E64CF2EAE3D7E00512E52 /* ArticleLocalDataSource.swift */; };
		3C0E64D42EAE3DCA00512E52 /* HTTPClient.swift in Sources */ = {isa = PBXBuildFile; fileRef = 3C0E64D32EAE3DC500512E52 /* HTTPClient.swift */; };
		3C0E64D72EAE3DE300512E52 /* articles_debug.json in Resources */ = {isa = PBXBuildFile; fileRef = 3C0E64D62EAE3DDF00512E52 /* articles_debug.json */; };
		3C0E64D92EAE3DEB00512E52 /* article_detail_debug.json in Resources */ = {isa = PBXBuildFile; fileRef = 3C0E64D82EAE3DE600512E52 /* article_detail_debug.json */; };
		3C0E64DB2EAE3DF500512E52 /* articles.json in Sources */ = {isa = PBXBuildFile; fileRef = 3C0E64DA2EAE3DF100512E52 /* articles.json */; };
		3C0E64DD2EAE3E0900512E52 /* article_detail.json in Resources */ = {isa = PBXBuildFile; fileRef = 3C0E64DC2EAE3E0700512E52 /* article_detail.json */; };
		3C0E64DF2EAE3E1900512E52 /* DiskCache.swift in Sources */ = {isa = PBXBuildFile; fileRef = 3C0E64DE2EAE3E1300512E52 /* DiskCache.swift */; };
		3C0E64E12EAE3E2400512E52 /* UserDefaultsStore.swift in Sources */ = {isa = PBXBuildFile; fileRef = 3C0E64E02EAE3E1D00512E52 /* UserDefaultsStore.swift */; };
		3C0E64E32EAE3E3100512E52 /* AppContainer.swift in Sources */ = {isa = PBXBuildFile; fileRef = 3C0E64E22EAE3E2C00512E52 /* AppContainer.swift */; };
		3C0E64E52EAE3EF700512E52 /* ArticleRepositoryImpl.swift in Sources */ = {isa = PBXBuildFile; fileRef = 3C0E64E42EAE3EF100512E52 /* ArticleRepositoryImpl.swift */; };
		3C0E64E82EAE3F8E00512E52 /* ArticleRemoteDataSourceImpl.swift in Sources */ = {isa = PBXBuildFile; fileRef = 3C0E64E72EAE3F8B00512E52 /* ArticleRemoteDataSourceImpl.swift */; };
		3C0E64EA2EAE3FB400512E52 /* ArticleLocalDataSourceImpl.swift in Sources */ = {isa = PBXBuildFile; fileRef = 3C0E64E92EAE3FAB00512E52 /* ArticleLocalDataSourceImpl.swift */; };
/* End PBXBuildFile section */

/* Begin PBXContainerItemProxy section */
		3C64CB432EAE3306007522C4 /* PBXContainerItemProxy */ = {
			isa = PBXContainerItemProxy;
			containerPortal = 3C64CB242EAE3305007522C4 /* Project object */;
			proxyType = 1;
			remoteGlobalIDString = 3C64CB2B2EAE3305007522C4;
			remoteInfo = "Layered Architecture + SOLID";
		};
		3C64CB4D2EAE3306007522C4 /* PBXContainerItemProxy */ = {
			isa = PBXContainerItemProxy;
			containerPortal = 3C64CB242EAE3305007522C4 /* Project object */;
			proxyType = 1;
			remoteGlobalIDString = 3C64CB2B2EAE3305007522C4;
			remoteInfo = "Layered Architecture + SOLID";
		};
/* End PBXContainerItemProxy section */

/* Begin PBXFileReference section */
		3C0E64962EAE3A3F00512E52 /* GetArticleDetailUseCase.swift */ = {isa = PBXFileReference; lastKnownFileType = sourcecode.swift; path = GetArticleDetailUseCase.swift; sourceTree = "<group>"; };
		3C0E64972EAE3A3F00512E52 /* GetArticlesUseCase.swift */ = {isa = PBXFileReference; lastKnownFileType = sourcecode.swift; path = GetArticlesUseCase.swift; sourceTree = "<group>"; };
		3C0E649D2EAE3A3F00512E52 /* AppDelegate.swift */ = {isa = PBXFileReference; lastKnownFileType = sourcecode.swift; path = AppDelegate.swift; sourceTree = "<group>"; };
		3C0E649E2EAE3A3F00512E52 /* Assets.xcassets */ = {isa = PBXFileReference; lastKnownFileType = folder.assetcatalog; path = Assets.xcassets; sourceTree = "<group>"; };
		3C0E649F2EAE3A3F00512E52 /* Info.plist */ = {isa = PBXFileReference; lastKnownFileType = text.plist.xml; path = Info.plist; sourceTree = "<group>"; };
		3C0E64A02EAE3A3F00512E52 /* Base */ = {isa = PBXFileReference; lastKnownFileType = file.storyboard; name = Base; path = Base.lproj/LaunchScreen.storyboard; sourceTree = "<group>"; };
		3C0E64A22EAE3A3F00512E52 /* Base */ = {isa = PBXFileReference; lastKnownFileType = file.storyboard; name = Base; path = Base.lproj/Main.storyboard; sourceTree = "<group>"; };
		3C0E64A52EAE3A3F00512E52 /* ViewController.swift */ = {isa = PBXFileReference; lastKnownFileType = sourcecode.swift; path = ViewController.swift; sourceTree = "<group>"; };
		3C0E64B02EAE3A4300512E52 /* Layered_Architecture___SOLIDTests.swift */ = {isa = PBXFileReference; lastKnownFileType = sourcecode.swift; path = "Layered_Architecture___SOLIDTests.swift"; sourceTree = "<group>"; };
		3C0E64B32EAE3A4800512E52 /* Layered_Architecture___SOLIDUITests.swift */ = {isa = PBXFileReference; lastKnownFileType = sourcecode.swift; path = "Layered_Architecture___SOLIDUITests.swift"; sourceTree = "<group>"; };
		3C0E64B42EAE3A4800512E52 /* Layered_Architecture___SOLIDUITestsLaunchTests.swift */ = {isa = PBXFileReference; lastKnownFileType = sourcecode.swift; path = "Layered_Architecture___SOLIDUITestsLaunchTests.swift"; sourceTree = "<group>"; };
		3C0E64BD2EAE3CDF00512E52 /* ArticleDetailViewController.swift */ = {isa = PBXFileReference; lastKnownFileType = sourcecode.swift; path = ArticleDetailViewController.swift; sourceTree = "<group>"; };
		3C0E64BF2EAE3CE800512E52 /* ArticleListViewController.swift */ = {isa = PBXFileReference; lastKnownFileType = sourcecode.swift; path = ArticleListViewController.swift; sourceTree = "<group>"; };
		3C0E64C32EAE3D3200512E52 /* Article.swift */ = {isa = PBXFileReference; lastKnownFileType = sourcecode.swift; path = Article.swift; sourceTree = "<group>"; };
		3C0E64C52EAE3D3B00512E52 /* ArticleRepository.swift */ = {isa = PBXFileReference; lastKnownFileType = sourcecode.swift; path = ArticleRepository.swift; sourceTree = "<group>"; };
		3C0E64C92EAE3D5B00512E52 /* ArticleDTO.swift */ = {isa = PBXFileReference; lastKnownFileType = sourcecode.swift; path = ArticleDTO.swift; sourceTree = "<group>"; };
		3C0E64CB2EAE3D6300512E52 /* Mappers.swift */ = {isa = PBXFileReference; lastKnownFileType = sourcecode.swift; path = Mappers.swift; sourceTree = "<group>"; };
		3C0E64CD2EAE3D7400512E52 /* ArticleRemoteDataSource.swift */ = {isa = PBXFileReference; lastKnownFileType = sourcecode.swift; path = ArticleRemoteDataSource.swift; sourceTree = "<group>"; };
		3C0E64CF2EAE3D7E00512E52 /* ArticleLocalDataSource.swift */ = {isa = PBXFileReference; lastKnownFileType = sourcecode.swift; path = ArticleLocalDataSource.swift; sourceTree = "<group>"; };
		3C0E64D32EAE3DC500512E52 /* HTTPClient.swift */ = {isa = PBXFileReference; lastKnownFileType = sourcecode.swift; path = HTTPClient.swift; sourceTree = "<group>"; };
		3C0E64D62EAE3DDF00512E52 /* articles_debug.json */ = {isa = PBXFileReference; lastKnownFileType = text.json; path = articles_debug.json; sourceTree = "<group>"; };
		3C0E64D82EAE3DE600512E52 /* article_detail_debug.json */ = {isa = PBXFileReference; lastKnownFileType = text.json; path = article_detail_debug.json; sourceTree = "<group>"; };
		3C0E64DA2EAE3DF100512E52 /* articles.json */ = {isa = PBXFileReference; lastKnownFileType = text.json; path = articles.json; sourceTree = "<group>"; };
		3C0E64DC2EAE3E0700512E52 /* article_detail.json */ = {isa = PBXFileReference; lastKnownFileType = text.json; path = article_detail.json; sourceTree = "<group>"; };
		3C0E64DE2EAE3E1300512E52 /* DiskCache.swift */ = {isa = PBXFileReference; lastKnownFileType = sourcecode.swift; path = DiskCache.swift; sourceTree = "<group>"; };
		3C0E64E02EAE3E1D00512E52 /* UserDefaultsStore.swift */ = {isa = PBXFileReference; lastKnownFileType = sourcecode.swift; path = UserDefaultsStore.swift; sourceTree = "<group>"; };
		3C0E64E22EAE3E2C00512E52 /* AppContainer.swift */ = {isa = PBXFileReference; lastKnownFileType = sourcecode.swift; path = AppContainer.swift; sourceTree = "<group>"; };
		3C0E64E42EAE3EF100512E52 /* ArticleRepositoryImpl.swift */ = {isa = PBXFileReference; lastKnownFileType = sourcecode.swift; path = ArticleRepositoryImpl.swift; sourceTree = "<group>"; };
		3C0E64E72EAE3F8B00512E52 /* ArticleRemoteDataSourceImpl.swift */ = {isa = PBXFileReference; lastKnownFileType = sourcecode.swift; path = ArticleRemoteDataSourceImpl.swift; sourceTree = "<group>"; };
		3C0E64E92EAE3FAB00512E52 /* ArticleLocalDataSourceImpl.swift */ = {isa = PBXFileReference; lastKnownFileType = sourcecode.swift; path = ArticleLocalDataSourceImpl.swift; sourceTree = "<group>"; };
		3C64CB2C2EAE3305007522C4 /* Layered Architecture + SOLID.app */ = {isa = PBXFileReference; explicitFileType = wrapper.application; includeInIndex = 0; path = "Layered Architecture + SOLID.app"; sourceTree = BUILT_PRODUCTS_DIR; };
		3C64CB422EAE3306007522C4 /* Layered Architecture + SOLIDTests.xctest */ = {isa = PBXFileReference; explicitFileType = wrapper.cfbundle; includeInIndex = 0; path = "Layered Architecture + SOLIDTests.xctest"; sourceTree = BUILT_PRODUCTS_DIR; };
		3C64CB4C2EAE3306007522C4 /* Layered Architecture + SOLIDUITests.xctest */ = {isa = PBXFileReference; explicitFileType = wrapper.cfbundle; includeInIndex = 0; path = "Layered Architecture + SOLIDUITests.xctest"; sourceTree = BUILT_PRODUCTS_DIR; };
/* End PBXFileReference section */

/* Begin PBXFrameworksBuildPhase section */
		3C64CB292EAE3305007522C4 /* Frameworks */ = {
			isa = PBXFrameworksBuildPhase;
			buildActionMask = 2147483647;
			files = (
			);
			runOnlyForDeploymentPostprocessing = 0;
		};
		3C64CB3F2EAE3306007522C4 /* Frameworks */ = {
			isa = PBXFrameworksBuildPhase;
			buildActionMask = 2147483647;
			files = (
			);
			runOnlyForDeploymentPostprocessing = 0;
		};
		3C64CB492EAE3306007522C4 /* Frameworks */ = {
			isa = PBXFrameworksBuildPhase;
			buildActionMask = 2147483647;
			files = (
			);
			runOnlyForDeploymentPostprocessing = 0;
		};
/* End PBXFrameworksBuildPhase section */

/* Begin PBXGroup section */
		3C0E64982EAE3A3F00512E52 /* Usecases */ = {
			isa = PBXGroup;
			children = (
				3C0E64972EAE3A3F00512E52 /* GetArticlesUseCase.swift */,
				3C0E64962EAE3A3F00512E52 /* GetArticleDetailUseCase.swift */,
			);
			path = Usecases;
			sourceTree = "<group>";
		};
		3C0E64992EAE3A3F00512E52 /* Application */ = {
			isa = PBXGroup;
			children = (
				3C0E64982EAE3A3F00512E52 /* Usecases */,
			);
			path = Application;
			sourceTree = "<group>";
		};
		3C0E649A2EAE3A3F00512E52 /* ArticleDetail */ = {
			isa = PBXGroup;
			children = (
				3C0E64BD2EAE3CDF00512E52 /* ArticleDetailViewController.swift */,
			);
			path = ArticleDetail;
			sourceTree = "<group>";
		};
		3C0E649B2EAE3A3F00512E52 /* ArticleList */ = {
			isa = PBXGroup;
			children = (
				3C0E64BF2EAE3CE800512E52 /* ArticleListViewController.swift */,
			);
			path = ArticleList;
			sourceTree = "<group>";
		};
		3C0E649C2EAE3A3F00512E52 /* Presentation */ = {
			isa = PBXGroup;
			children = (
				3C0E649B2EAE3A3F00512E52 /* ArticleList */,
				3C0E649A2EAE3A3F00512E52 /* ArticleDetail */,
			);
			path = Presentation;
			sourceTree = "<group>";
		};
		3C0E64A62EAE3A3F00512E52 /* Layered Architecture + SOLID */ = {
			isa = PBXGroup;
			children = (
				3C0E649C2EAE3A3F00512E52 /* Presentation */,
				3C0E64992EAE3A3F00512E52 /* Application */,
				3C0E64B92EAE3C6500512E52 /* Domain */,
				3C0E64BA2EAE3C8100512E52 /* Data */,
				3C0E64BB2EAE3C8C00512E52 /* Infrastructure */,
				3C0E64BC2EAE3CB900512E52 /* CompositionRoot */,
				3C0E649D2EAE3A3F00512E52 /* AppDelegate.swift */,
				3C0E64A52EAE3A3F00512E52 /* ViewController.swift */,
				3C0E64A12EAE3A3F00512E52 /* LaunchScreen.storyboard */,
				3C0E64A32EAE3A3F00512E52 /* Main.storyboard */,
				3C0E649E2EAE3A3F00512E52 /* Assets.xcassets */,
				3C0E649F2EAE3A3F00512E52 /* Info.plist */,
			);
			path = "Layered Architecture + SOLID";
			sourceTree = "<group>";
		};
		3C0E64B12EAE3A4300512E52 /* Layered Architecture + SOLIDTests */ = {
			isa = PBXGroup;
			children = (
				3C0E64B02EAE3A4300512E52 /* Layered_Architecture___SOLIDTests.swift */,
			);
			path = "Layered Architecture + SOLIDTests";
			sourceTree = "<group>";
		};
		3C0E64B52EAE3A4800512E52 /* Layered Architecture + SOLIDUITests */ = {
			isa = PBXGroup;
			children = (
				3C0E64B32EAE3A4800512E52 /* Layered_Architecture___SOLIDUITests.swift */,
				3C0E64B42EAE3A4800512E52 /* Layered_Architecture___SOLIDUITestsLaunchTests.swift */,
			);
			path = "Layered Architecture + SOLIDUITests";
			sourceTree = "<group>";
		};
		3C0E64B92EAE3C6500512E52 /* Domain */ = {
			isa = PBXGroup;
			children = (
				3C0E64C22EAE3D2000512E52 /* Entities */,
				3C0E64C12EAE3D1B00512E52 /* Repositories */,
			);
			path = Domain;
			sourceTree = "<group>";
		};
		3C0E64BA2EAE3C8100512E52 /* Data */ = {
			isa = PBXGroup;
			children = (
				3C0E64E42EAE3EF100512E52 /* ArticleRepositoryImpl.swift */,
				3C0E64C82EAE3D4F00512E52 /* DTO */,
				3C0E64C72EAE3D4B00512E52 /* DataSources */,
			);
			path = Data;
			sourceTree = "<group>";
		};
		3C0E64BB2EAE3C8C00512E52 /* Infrastructure */ = {
			isa = PBXGroup;
			children = (
				3C0E64D12EAE3DA600512E52 /* API */,
				3C0E64D22EAE3DAE00512E52 /* Persistence */,
				3C0E64E62EAE3F6400512E52 /* DataSources */,
			);
			path = Infrastructure;
			sourceTree = "<group>";
		};
		3C0E64BC2EAE3CB900512E52 /* CompositionRoot */ = {
			isa = PBXGroup;
			children = (
				3C0E64E22EAE3E2C00512E52 /* AppContainer.swift */,
			);
			path = CompositionRoot;
			sourceTree = "<group>";
		};
		3C0E64C12EAE3D1B00512E52 /* Repositories */ = {
			isa = PBXGroup;
			children = (
				3C0E64C52EAE3D3B00512E52 /* ArticleRepository.swift */,
			);
			path = Repositories;
			sourceTree = "<group>";
		};
		3C0E64C22EAE3D2000512E52 /* Entities */ = {
			isa = PBXGroup;
			children = (
				3C0E64C32EAE3D3200512E52 /* Article.swift */,
			);
			path = Entities;
			sourceTree = "<group>";
		};
		3C0E64C72EAE3D4B00512E52 /* DataSources */ = {
			isa = PBXGroup;
			children = (
				3C0E64CD2EAE3D7400512E52 /* ArticleRemoteDataSource.swift */,
				3C0E64CF2EAE3D7E00512E52 /* ArticleLocalDataSource.swift */,
			);
			path = DataSources;
			sourceTree = "<group>";
		};
		3C0E64C82EAE3D4F00512E52 /* DTO */ = {
			isa = PBXGroup;
			children = (
				3C0E64C92EAE3D5B00512E52 /* ArticleDTO.swift */,
				3C0E64CB2EAE3D6300512E52 /* Mappers.swift */,
			);
			path = DTO;
			sourceTree = "<group>";
		};
		3C0E64D12EAE3DA600512E52 /* API */ = {
			isa = PBXGroup;
			children = (
				3C0E64D32EAE3DC500512E52 /* HTTPClient.swift */,
				3C0E64D52EAE3DD600512E52 /* StubEndpoints */,
			);
			path = API;
			sourceTree = "<group>";
		};
		3C0E64D22EAE3DAE00512E52 /* Persistence */ = {
			isa = PBXGroup;
			children = (
				3C0E64DE2EAE3E1300512E52 /* DiskCache.swift */,
				3C0E64E02EAE3E1D00512E52 /* UserDefaultsStore.swift */,
			);
			path = Persistence;
			sourceTree = "<group>";
		};
		3C0E64D52EAE3DD600512E52 /* StubEndpoints */ = {
			isa = PBXGroup;
			children = (
				3C0E64D62EAE3DDF00512E52 /* articles_debug.json */,
				3C0E64D82EAE3DE600512E52 /* article_detail_debug.json */,
				3C0E64DA2EAE3DF100512E52 /* articles.json */,
				3C0E64DC2EAE3E0700512E52 /* article_detail.json */,
			);
			path = StubEndpoints;
			sourceTree = "<group>";
		};
		3C0E64E62EAE3F6400512E52 /* DataSources */ = {
			isa = PBXGroup;
			children = (
				3C0E64E72EAE3F8B00512E52 /* ArticleRemoteDataSourceImpl.swift */,
				3C0E64E92EAE3FAB00512E52 /* ArticleLocalDataSourceImpl.swift */,
			);
			path = DataSources;
			sourceTree = "<group>";
		};
		3C64CB232EAE3305007522C4 = {
			isa = PBXGroup;
			children = (
				3C0E64A62EAE3A3F00512E52 /* Layered Architecture + SOLID */,
				3C0E64B12EAE3A4300512E52 /* Layered Architecture + SOLIDTests */,
				3C0E64B52EAE3A4800512E52 /* Layered Architecture + SOLIDUITests */,
				3C64CB2D2EAE3305007522C4 /* Products */,
			);
			sourceTree = "<group>";
		};
		3C64CB2D2EAE3305007522C4 /* Products */ = {
			isa = PBXGroup;
			children = (
				3C64CB2C2EAE3305007522C4 /* Layered Architecture + SOLID.app */,
				3C64CB422EAE3306007522C4 /* Layered Architecture + SOLIDTests.xctest */,
				3C64CB4C2EAE3306007522C4 /* Layered Architecture + SOLIDUITests.xctest */,
			);
			name = Products;
			sourceTree = "<group>";
		};
/* End PBXGroup section */

/* Begin PBXNativeTarget section */
		3C64CB2B2EAE3305007522C4 /* Layered Architecture + SOLID */ = {
			isa = PBXNativeTarget;
			buildConfigurationList = 3C64CB552EAE3306007522C4 /* Build configuration list for PBXNativeTarget "Layered Architecture + SOLID" */;
			buildPhases = (
				3C64CB282EAE3305007522C4 /* Sources */,
				3C64CB292EAE3305007522C4 /* Frameworks */,
				3C64CB2A2EAE3305007522C4 /* Resources */,
			);
			buildRules = (
			);
			dependencies = (
			);
			name = "Layered Architecture + SOLID";
			packageProductDependencies = (
			);
			productName = "Layered Architecture + SOLID";
			productReference = 3C64CB2C2EAE3305007522C4 /* Layered Architecture + SOLID.app */;
			productType = "com.apple.product-type.application";
		};
		3C64CB412EAE3306007522C4 /* Layered Architecture + SOLIDTests */ = {
			isa = PBXNativeTarget;
			buildConfigurationList = 3C64CB5A2EAE3306007522C4 /* Build configuration list for PBXNativeTarget "Layered Architecture + SOLIDTests" */;
			buildPhases = (
				3C64CB3E2EAE3306007522C4 /* Sources */,
				3C64CB3F2EAE3306007522C4 /* Frameworks */,
				3C64CB402EAE3306007522C4 /* Resources */,
			);
			buildRules = (
			);
			dependencies = (
				3C64CB442EAE3306007522C4 /* PBXTargetDependency */,
			);
			name = "Layered Architecture + SOLIDTests";
			packageProductDependencies = (
			);
			productName = "Layered Architecture + SOLIDTests";
			productReference = 3C64CB422EAE3306007522C4 /* Layered Architecture + SOLIDTests.xctest */;
			productType = "com.apple.product-type.bundle.unit-test";
		};
		3C64CB4B2EAE3306007522C4 /* Layered Architecture + SOLIDUITests */ = {
			isa = PBXNativeTarget;
			buildConfigurationList = 3C64CB5D2EAE3306007522C4 /* Build configuration list for PBXNativeTarget "Layered Architecture + SOLIDUITests" */;
			buildPhases = (
				3C64CB482EAE3306007522C4 /* Sources */,
				3C64CB492EAE3306007522C4 /* Frameworks */,
				3C64CB4A2EAE3306007522C4 /* Resources */,
			);
			buildRules = (
			);
			dependencies = (
				3C64CB4E2EAE3306007522C4 /* PBXTargetDependency */,
			);
			name = "Layered Architecture + SOLIDUITests";
			packageProductDependencies = (
			);
			productName = "Layered Architecture + SOLIDUITests";
			productReference = 3C64CB4C2EAE3306007522C4 /* Layered Architecture + SOLIDUITests.xctest */;
			productType = "com.apple.product-type.bundle.ui-testing";
		};
/* End PBXNativeTarget section */

/* Begin PBXProject section */
		3C64CB242EAE3305007522C4 /* Project object */ = {
			isa = PBXProject;
			attributes = {
				BuildIndependentTargetsInParallel = 1;
				LastSwiftUpdateCheck = 1640;
				LastUpgradeCheck = 1640;
				TargetAttributes = {
					3C64CB2B2EAE3305007522C4 = {
						CreatedOnToolsVersion = 16.4;
					};
					3C64CB412EAE3306007522C4 = {
						CreatedOnToolsVersion = 16.4;
						TestTargetID = 3C64CB2B2EAE3305007522C4;
					};
					3C64CB4B2EAE3306007522C4 = {
						CreatedOnToolsVersion = 16.4;
						TestTargetID = 3C64CB2B2EAE3305007522C4;
					};
				};
			};
			buildConfigurationList = 3C64CB272EAE3305007522C4 /* Build configuration list for PBXProject "Layered Architecture + SOLID" */;
			developmentRegion = en;
			hasScannedForEncodings = 0;
			knownRegions = (
				en,
				Base,
			);
			mainGroup = 3C64CB232EAE3305007522C4;
			minimizedProjectReferenceProxies = 1;
			preferredProjectObjectVersion = 77;
			productRefGroup = 3C64CB2D2EAE3305007522C4 /* Products */;
			projectDirPath = "";
			projectRoot = "";
			targets = (
				3C64CB2B2EAE3305007522C4 /* Layered Architecture + SOLID */,
				3C64CB412EAE3306007522C4 /* Layered Architecture + SOLIDTests */,
				3C64CB4B2EAE3306007522C4 /* Layered Architecture + SOLIDUITests */,
			);
		};
/* End PBXProject section */

/* Begin PBXResourcesBuildPhase section */
		3C64CB2A2EAE3305007522C4 /* Resources */ = {
			isa = PBXResourcesBuildPhase;
			buildActionMask = 2147483647;
			files = (
				3C0E64D72EAE3DE300512E52 /* articles_debug.json in Resources */,
				3C0E64DD2EAE3E0900512E52 /* article_detail.json in Resources */,
				3C0E64D92EAE3DEB00512E52 /* article_detail_debug.json in Resources */,
				3C0E64AC2EAE3A3F00512E52 /* Assets.xcassets in Resources */,
				3C0E64AE2EAE3A3F00512E52 /* LaunchScreen.storyboard in Resources */,
				3C0E64AF2EAE3A3F00512E52 /* Main.storyboard in Resources */,
			);
			runOnlyForDeploymentPostprocessing = 0;
		};
		3C64CB402EAE3306007522C4 /* Resources */ = {
			isa = PBXResourcesBuildPhase;
			buildActionMask = 2147483647;
			files = (
			);
			runOnlyForDeploymentPostprocessing = 0;
		};
		3C64CB4A2EAE3306007522C4 /* Resources */ = {
			isa = PBXResourcesBuildPhase;
			buildActionMask = 2147483647;
			files = (
			);
			runOnlyForDeploymentPostprocessing = 0;
		};
/* End PBXResourcesBuildPhase section */

/* Begin PBXSourcesBuildPhase section */
		3C64CB282EAE3305007522C4 /* Sources */ = {
			isa = PBXSourcesBuildPhase;
			buildActionMask = 2147483647;
			files = (
				3C0E64A72EAE3A3F00512E52 /* GetArticleDetailUseCase.swift in Sources */,
				3C0E64EA2EAE3FB400512E52 /* ArticleLocalDataSourceImpl.swift in Sources */,
				3C0E64A82EAE3A3F00512E52 /* GetArticlesUseCase.swift in Sources */,
				3C0E64D42EAE3DCA00512E52 /* HTTPClient.swift in Sources */,
				3C0E64CA2EAE3D5F00512E52 /* ArticleDTO.swift in Sources */,
				3C0E64A92EAE3A3F00512E52 /* AppDelegate.swift in Sources */,
				3C0E64BE2EAE3CE500512E52 /* ArticleDetailViewController.swift in Sources */,
				3C0E64DB2EAE3DF500512E52 /* articles.json in Sources */,
				3C0E64E82EAE3F8E00512E52 /* ArticleRemoteDataSourceImpl.swift in Sources */,
				3C0E64C42EAE3D3700512E52 /* Article.swift in Sources */,
				3C0E64D02EAE3D8300512E52 /* ArticleLocalDataSource.swift in Sources */,
				3C0E64E52EAE3EF700512E52 /* ArticleRepositoryImpl.swift in Sources */,
				3C0E64DF2EAE3E1900512E52 /* DiskCache.swift in Sources */,
				3C0E64E12EAE3E2400512E52 /* UserDefaultsStore.swift in Sources */,
				3C0E64E32EAE3E3100512E52 /* AppContainer.swift in Sources */,
				3C0E64CC2EAE3D6600512E52 /* Mappers.swift in Sources */,
				3C0E64AB2EAE3A3F00512E52 /* ViewController.swift in Sources */,
				3C0E64C62EAE3D4400512E52 /* ArticleRepository.swift in Sources */,
				3C0E64C02EAE3CED00512E52 /* ArticleListViewController.swift in Sources */,
				3C0E64CE2EAE3D7A00512E52 /* ArticleRemoteDataSource.swift in Sources */,
			);
			runOnlyForDeploymentPostprocessing = 0;
		};
		3C64CB3E2EAE3306007522C4 /* Sources */ = {
			isa = PBXSourcesBuildPhase;
			buildActionMask = 2147483647;
			files = (
				3C0E64B22EAE3A4300512E52 /* Layered_Architecture___SOLIDTests.swift in Sources */,
			);
			runOnlyForDeploymentPostprocessing = 0;
		};
		3C64CB482EAE3306007522C4 /* Sources */ = {
			isa = PBXSourcesBuildPhase;
			buildActionMask = 2147483647;
			files = (
				3C0E64B62EAE3A4800512E52 /* Layered_Architecture___SOLIDUITests.swift in Sources */,
				3C0E64B72EAE3A4800512E52 /* Layered_Architecture___SOLIDUITestsLaunchTests.swift in Sources */,
			);
			runOnlyForDeploymentPostprocessing = 0;
		};
/* End PBXSourcesBuildPhase section */

/* Begin PBXTargetDependency section */
		3C64CB442EAE3306007522C4 /* PBXTargetDependency */ = {
			isa = PBXTargetDependency;
			target = 3C64CB2B2EAE3305007522C4 /* Layered Architecture + SOLID */;
			targetProxy = 3C64CB432EAE3306007522C4 /* PBXContainerItemProxy */;
		};
		3C64CB4E2EAE3306007522C4 /* PBXTargetDependency */ = {
			isa = PBXTargetDependency;
			target = 3C64CB2B2EAE3305007522C4 /* Layered Architecture + SOLID */;
			targetProxy = 3C64CB4D2EAE3306007522C4 /* PBXContainerItemProxy */;
		};
/* End PBXTargetDependency section */

/* Begin PBXVariantGroup section */
		3C0E64A12EAE3A3F00512E52 /* LaunchScreen.storyboard */ = {
			isa = PBXVariantGroup;
			children = (
				3C0E64A02EAE3A3F00512E52 /* Base */,
			);
			name = LaunchScreen.storyboard;
			sourceTree = "<group>";
		};
		3C0E64A32EAE3A3F00512E52 /* Main.storyboard */ = {
			isa = PBXVariantGroup;
			children = (
				3C0E64A22EAE3A3F00512E52 /* Base */,
			);
			name = Main.storyboard;
			sourceTree = "<group>";
		};
/* End PBXVariantGroup section */

/* Begin XCBuildConfiguration section */
		3C64CB562EAE3306007522C4 /* Debug */ = {
			isa = XCBuildConfiguration;
			buildSettings = {
				ASSETCATALOG_COMPILER_APPICON_NAME = AppIcon;
				ASSETCATALOG_COMPILER_GLOBAL_ACCENT_COLOR_NAME = AccentColor;
				CODE_SIGN_STYLE = Automatic;
				CURRENT_PROJECT_VERSION = 1;
				DEVELOPMENT_TEAM = H9F7AN4C5W;
				GENERATE_INFOPLIST_FILE = YES;
				INFOPLIST_FILE = "Layered Architecture + SOLID/Info.plist";
				INFOPLIST_KEY_UIApplicationSupportsIndirectInputEvents = YES;
				INFOPLIST_KEY_UILaunchStoryboardName = LaunchScreen;
				INFOPLIST_KEY_UIMainStoryboardFile = Main;
				INFOPLIST_KEY_UISupportedInterfaceOrientations = UIInterfaceOrientationPortrait;
				IPHONEOS_DEPLOYMENT_TARGET = 15.6;
				LD_RUNPATH_SEARCH_PATHS = (
					"$(inherited)",
					"@executable_path/Frameworks",
				);
				MARKETING_VERSION = 1.0;
				PRODUCT_BUNDLE_IDENTIFIER = "jp.co.toai.test..Layered-Architecture---SOLID";
				PRODUCT_NAME = "$(TARGET_NAME)";
				SUPPORTED_PLATFORMS = "iphoneos iphonesimulator";
				SUPPORTS_MACCATALYST = NO;
				SWIFT_EMIT_LOC_STRINGS = YES;
				SWIFT_VERSION = 5.0;
				TARGETED_DEVICE_FAMILY = 1;
			};
			name = Debug;
		};
		3C64CB572EAE3306007522C4 /* Release */ = {
			isa = XCBuildConfiguration;
			buildSettings = {
				ASSETCATALOG_COMPILER_APPICON_NAME = AppIcon;
				ASSETCATALOG_COMPILER_GLOBAL_ACCENT_COLOR_NAME = AccentColor;
				CODE_SIGN_STYLE = Automatic;
				CURRENT_PROJECT_VERSION = 1;
				DEVELOPMENT_TEAM = H9F7AN4C5W;
				GENERATE_INFOPLIST_FILE = YES;
				INFOPLIST_FILE = "Layered Architecture + SOLID/Info.plist";
				INFOPLIST_KEY_UIApplicationSupportsIndirectInputEvents = YES;
				INFOPLIST_KEY_UILaunchStoryboardName = LaunchScreen;
				INFOPLIST_KEY_UIMainStoryboardFile = Main;
				INFOPLIST_KEY_UISupportedInterfaceOrientations = UIInterfaceOrientationPortrait;
				IPHONEOS_DEPLOYMENT_TARGET = 15.6;
				LD_RUNPATH_SEARCH_PATHS = (
					"$(inherited)",
					"@executable_path/Frameworks",
				);
				MARKETING_VERSION = 1.0;
				PRODUCT_BUNDLE_IDENTIFIER = "jp.co.toai.test..Layered-Architecture---SOLID";
				PRODUCT_NAME = "$(TARGET_NAME)";
				SUPPORTED_PLATFORMS = "iphoneos iphonesimulator";
				SUPPORTS_MACCATALYST = NO;
				SWIFT_EMIT_LOC_STRINGS = YES;
				SWIFT_VERSION = 5.0;
				TARGETED_DEVICE_FAMILY = 1;
			};
			name = Release;
		};
		3C64CB582EAE3306007522C4 /* Debug */ = {
			isa = XCBuildConfiguration;
			buildSettings = {
				ALWAYS_SEARCH_USER_PATHS = NO;
				ASSETCATALOG_COMPILER_GENERATE_SWIFT_ASSET_SYMBOL_EXTENSIONS = YES;
				CLANG_ANALYZER_NONNULL = YES;
				CLANG_ANALYZER_NUMBER_OBJECT_CONVERSION = YES_AGGRESSIVE;
				CLANG_CXX_LANGUAGE_STANDARD = "gnu++20";
				CLANG_ENABLE_MODULES = YES;
				CLANG_ENABLE_OBJC_ARC = YES;
				CLANG_ENABLE_OBJC_WEAK = YES;
				CLANG_WARN_BLOCK_CAPTURE_AUTORELEASING = YES;
				CLANG_WARN_BOOL_CONVERSION = YES;
				CLANG_WARN_COMMA = YES;
				CLANG_WARN_CONSTANT_CONVERSION = YES;
				CLANG_WARN_DEPRECATED_OBJC_IMPLEMENTATIONS = YES;
				CLANG_WARN_DIRECT_OBJC_ISA_USAGE = YES_ERROR;
				CLANG_WARN_DOCUMENTATION_COMMENTS = YES;
				CLANG_WARN_EMPTY_BODY = YES;
				CLANG_WARN_ENUM_CONVERSION = YES;
				CLANG_WARN_INFINITE_RECURSION = YES;
				CLANG_WARN_INT_CONVERSION = YES;
				CLANG_WARN_NON_LITERAL_NULL_CONVERSION = YES;
				CLANG_WARN_OBJC_IMPLICIT_RETAIN_SELF = YES;
				CLANG_WARN_OBJC_LITERAL_CONVERSION = YES;
				CLANG_WARN_OBJC_ROOT_CLASS = YES_ERROR;
				CLANG_WARN_QUOTED_INCLUDE_IN_FRAMEWORK_HEADER = YES;
				CLANG_WARN_RANGE_LOOP_ANALYSIS = YES;
				CLANG_WARN_STRICT_PROTOTYPES = YES;
				CLANG_WARN_SUSPICIOUS_MOVE = YES;
				CLANG_WARN_UNGUARDED_AVAILABILITY = YES_AGGRESSIVE;
				CLANG_WARN_UNREACHABLE_CODE = YES;
				CLANG_WARN__DUPLICATE_METHOD_MATCH = YES;
				COPY_PHASE_STRIP = NO;
				DEBUG_INFORMATION_FORMAT = dwarf;
				DEVELOPMENT_TEAM = H9F7AN4C5W;
				ENABLE_STRICT_OBJC_MSGSEND = YES;
				ENABLE_TESTABILITY = YES;
				ENABLE_USER_SCRIPT_SANDBOXING = YES;
				GCC_C_LANGUAGE_STANDARD = gnu17;
				GCC_DYNAMIC_NO_PIC = NO;
				GCC_NO_COMMON_BLOCKS = YES;
				GCC_OPTIMIZATION_LEVEL = 0;
				GCC_PREPROCESSOR_DEFINITIONS = (
					"DEBUG=1",
					"$(inherited)",
				);
				GCC_WARN_64_TO_32_BIT_CONVERSION = YES;
				GCC_WARN_ABOUT_RETURN_TYPE = YES_ERROR;
				GCC_WARN_UNDECLARED_SELECTOR = YES;
				GCC_WARN_UNINITIALIZED_AUTOS = YES_AGGRESSIVE;
				GCC_WARN_UNUSED_FUNCTION = YES;
				GCC_WARN_UNUSED_VARIABLE = YES;
				IPHONEOS_DEPLOYMENT_TARGET = 18.5;
				LOCALIZATION_PREFERS_STRING_CATALOGS = YES;
				MTL_ENABLE_DEBUG_INFO = INCLUDE_SOURCE;
				MTL_FAST_MATH = YES;
				ONLY_ACTIVE_ARCH = YES;
				SDKROOT = iphoneos;
				SWIFT_ACTIVE_COMPILATION_CONDITIONS = "DEBUG $(inherited)";
				SWIFT_OPTIMIZATION_LEVEL = "-Onone";
			};
			name = Debug;
		};
		3C64CB592EAE3306007522C4 /* Release */ = {
			isa = XCBuildConfiguration;
			buildSettings = {
				ALWAYS_SEARCH_USER_PATHS = NO;
				ASSETCATALOG_COMPILER_GENERATE_SWIFT_ASSET_SYMBOL_EXTENSIONS = YES;
				CLANG_ANALYZER_NONNULL = YES;
				CLANG_ANALYZER_NUMBER_OBJECT_CONVERSION = YES_AGGRESSIVE;
				CLANG_CXX_LANGUAGE_STANDARD = "gnu++20";
				CLANG_ENABLE_MODULES = YES;
				CLANG_ENABLE_OBJC_ARC = YES;
				CLANG_ENABLE_OBJC_WEAK = YES;
				CLANG_WARN_BLOCK_CAPTURE_AUTORELEASING = YES;
				CLANG_WARN_BOOL_CONVERSION = YES;
				CLANG_WARN_COMMA = YES;
				CLANG_WARN_CONSTANT_CONVERSION = YES;
				CLANG_WARN_DEPRECATED_OBJC_IMPLEMENTATIONS = YES;
				CLANG_WARN_DIRECT_OBJC_ISA_USAGE = YES_ERROR;
				CLANG_WARN_DOCUMENTATION_COMMENTS = YES;
				CLANG_WARN_EMPTY_BODY = YES;
				CLANG_WARN_ENUM_CONVERSION = YES;
				CLANG_WARN_INFINITE_RECURSION = YES;
				CLANG_WARN_INT_CONVERSION = YES;
				CLANG_WARN_NON_LITERAL_NULL_CONVERSION = YES;
				CLANG_WARN_OBJC_IMPLICIT_RETAIN_SELF = YES;
				CLANG_WARN_OBJC_LITERAL_CONVERSION = YES;
				CLANG_WARN_OBJC_ROOT_CLASS = YES_ERROR;
				CLANG_WARN_QUOTED_INCLUDE_IN_FRAMEWORK_HEADER = YES;
				CLANG_WARN_RANGE_LOOP_ANALYSIS = YES;
				CLANG_WARN_STRICT_PROTOTYPES = YES;
				CLANG_WARN_SUSPICIOUS_MOVE = YES;
				CLANG_WARN_UNGUARDED_AVAILABILITY = YES_AGGRESSIVE;
				CLANG_WARN_UNREACHABLE_CODE = YES;
				CLANG_WARN__DUPLICATE_METHOD_MATCH = YES;
				COPY_PHASE_STRIP = NO;
				DEBUG_INFORMATION_FORMAT = "dwarf-with-dsym";
				DEVELOPMENT_TEAM = H9F7AN4C5W;
				ENABLE_NS_ASSERTIONS = NO;
				ENABLE_STRICT_OBJC_MSGSEND = YES;
				ENABLE_USER_SCRIPT_SANDBOXING = YES;
				GCC_C_LANGUAGE_STANDARD = gnu17;
				GCC_NO_COMMON_BLOCKS = YES;
				GCC_WARN_64_TO_32_BIT_CONVERSION = YES;
				GCC_WARN_ABOUT_RETURN_TYPE = YES_ERROR;
				GCC_WARN_UNDECLARED_SELECTOR = YES;
				GCC_WARN_UNINITIALIZED_AUTOS = YES_AGGRESSIVE;
				GCC_WARN_UNUSED_FUNCTION = YES;
				GCC_WARN_UNUSED_VARIABLE = YES;
				IPHONEOS_DEPLOYMENT_TARGET = 18.5;
				LOCALIZATION_PREFERS_STRING_CATALOGS = YES;
				MTL_ENABLE_DEBUG_INFO = NO;
				MTL_FAST_MATH = YES;
				SDKROOT = iphoneos;
				SWIFT_COMPILATION_MODE = wholemodule;
				VALIDATE_PRODUCT = YES;
			};
			name = Release;
		};
		3C64CB5B2EAE3306007522C4 /* Debug */ = {
			isa = XCBuildConfiguration;
			buildSettings = {
				BUNDLE_LOADER = "$(TEST_HOST)";
				CODE_SIGN_STYLE = Automatic;
				CURRENT_PROJECT_VERSION = 1;
				DEVELOPMENT_TEAM = H9F7AN4C5W;
				GENERATE_INFOPLIST_FILE = YES;
				IPHONEOS_DEPLOYMENT_TARGET = 18.5;
				MARKETING_VERSION = 1.0;
				PRODUCT_BUNDLE_IDENTIFIER = "jp.co.toai.test..Layered-Architecture---SOLIDTests";
				PRODUCT_NAME = "$(TARGET_NAME)";
				SWIFT_EMIT_LOC_STRINGS = NO;
				SWIFT_VERSION = 5.0;
				TARGETED_DEVICE_FAMILY = "1,2";
				TEST_HOST = "$(BUILT_PRODUCTS_DIR)/Layered Architecture + SOLID.app/$(BUNDLE_EXECUTABLE_FOLDER_PATH)/Layered Architecture + SOLID";
			};
			name = Debug;
		};
		3C64CB5C2EAE3306007522C4 /* Release */ = {
			isa = XCBuildConfiguration;
			buildSettings = {
				BUNDLE_LOADER = "$(TEST_HOST)";
				CODE_SIGN_STYLE = Automatic;
				CURRENT_PROJECT_VERSION = 1;
				DEVELOPMENT_TEAM = H9F7AN4C5W;
				GENERATE_INFOPLIST_FILE = YES;
				IPHONEOS_DEPLOYMENT_TARGET = 18.5;
				MARKETING_VERSION = 1.0;
				PRODUCT_BUNDLE_IDENTIFIER = "jp.co.toai.test..Layered-Architecture---SOLIDTests";
				PRODUCT_NAME = "$(TARGET_NAME)";
				SWIFT_EMIT_LOC_STRINGS = NO;
				SWIFT_VERSION = 5.0;
				TARGETED_DEVICE_FAMILY = "1,2";
				TEST_HOST = "$(BUILT_PRODUCTS_DIR)/Layered Architecture + SOLID.app/$(BUNDLE_EXECUTABLE_FOLDER_PATH)/Layered Architecture + SOLID";
			};
			name = Release;
		};
		3C64CB5E2EAE3306007522C4 /* Debug */ = {
			isa = XCBuildConfiguration;
			buildSettings = {
				CODE_SIGN_STYLE = Automatic;
				CURRENT_PROJECT_VERSION = 1;
				DEVELOPMENT_TEAM = H9F7AN4C5W;
				GENERATE_INFOPLIST_FILE = YES;
				MARKETING_VERSION = 1.0;
				PRODUCT_BUNDLE_IDENTIFIER = "jp.co.toai.test..Layered-Architecture---SOLIDUITests";
				PRODUCT_NAME = "$(TARGET_NAME)";
				SWIFT_EMIT_LOC_STRINGS = NO;
				SWIFT_VERSION = 5.0;
				TARGETED_DEVICE_FAMILY = "1,2";
				TEST_TARGET_NAME = "Layered Architecture + SOLID";
			};
			name = Debug;
		};
		3C64CB5F2EAE3306007522C4 /* Release */ = {
			isa = XCBuildConfiguration;
			buildSettings = {
				CODE_SIGN_STYLE = Automatic;
				CURRENT_PROJECT_VERSION = 1;
				DEVELOPMENT_TEAM = H9F7AN4C5W;
				GENERATE_INFOPLIST_FILE = YES;
				MARKETING_VERSION = 1.0;
				PRODUCT_BUNDLE_IDENTIFIER = "jp.co.toai.test..Layered-Architecture---SOLIDUITests";
				PRODUCT_NAME = "$(TARGET_NAME)";
				SWIFT_EMIT_LOC_STRINGS = NO;
				SWIFT_VERSION = 5.0;
				TARGETED_DEVICE_FAMILY = "1,2";
				TEST_TARGET_NAME = "Layered Architecture + SOLID";
			};
			name = Release;
		};
/* End XCBuildConfiguration section */

/* Begin XCConfigurationList section */
		3C64CB272EAE3305007522C4 /* Build configuration list for PBXProject "Layered Architecture + SOLID" */ = {
			isa = XCConfigurationList;
			buildConfigurations = (
				3C64CB582EAE3306007522C4 /* Debug */,
				3C64CB592EAE3306007522C4 /* Release */,
			);
			defaultConfigurationIsVisible = 0;
			defaultConfigurationName = Release;
		};
		3C64CB552EAE3306007522C4 /* Build configuration list for PBXNativeTarget "Layered Architecture + SOLID" */ = {
			isa = XCConfigurationList;
			buildConfigurations = (
				3C64CB562EAE3306007522C4 /* Debug */,
				3C64CB572EAE3306007522C4 /* Release */,
			);
			defaultConfigurationIsVisible = 0;
			defaultConfigurationName = Release;
		};
		3C64CB5A2EAE3306007522C4 /* Build configuration list for PBXNativeTarget "Layered Architecture + SOLIDTests" */ = {
			isa = XCConfigurationList;
			buildConfigurations = (
				3C64CB5B2EAE3306007522C4 /* Debug */,
				3C64CB5C2EAE3306007522C4 /* Release */,
			);
			defaultConfigurationIsVisible = 0;
			defaultConfigurationName = Release;
		};
		3C64CB5D2EAE3306007522C4 /* Build configuration list for PBXNativeTarget "Layered Architecture + SOLIDUITests" */ = {
			isa = XCConfigurationList;
			buildConfigurations = (
				3C64CB5E2EAE3306007522C4 /* Debug */,
				3C64CB5F2EAE3306007522C4 /* Release */,
			);
			defaultConfigurationIsVisible = 0;
			defaultConfigurationName = Release;
		};
/* End XCConfigurationList section */
	};
	rootObject = 3C64CB242EAE3305007522C4 /* Project object */;
}
