// !$*UTF8*$!
{
	archiveVersion = 1;
	classes = {
	};
	objectVersion = 77;
	objects = {

/* Begin PBXContainerItemProxy section */
		3C64CB432EAE3306007522C4 /* PBXContainerItemProxy */ = {
			isa = PBXContainerItemProxy;
			containerPortal = 3C64CB242EAE3305007522C4 /* Project object */;
			proxyType = 1;
			remoteGlobalIDString = 3C64CB2B2EAE3305007522C4;
			remoteInfo = "Layered Architecture + SOLID";
		};
		3C64CB4D2EAE3306007522C4 /* PBXContainerItemProxy */ = {
			isa = PBXContainerItemProxy;
			containerPortal = 3C64CB242EAE3305007522C4 /* Project object */;
			proxyType = 1;
			remoteGlobalIDString = 3C64CB2B2EAE3305007522C4;
			remoteInfo = "Layered Architecture + SOLID";
		};
/* End PBXContainerItemProxy section */

/* Begin PBXFileReference section */
		3C64CB2C2EAE3305007522C4 /* Layered Architecture + SOLID.app */ = {isa = PBXFileReference; explicitFileType = wrapper.application; includeInIndex = 0; path = "Layered Architecture + SOLID.app"; sourceTree = BUILT_PRODUCTS_DIR; };
		3C64CB422EAE3306007522C4 /* Layered Architecture + SOLIDTests.xctest */ = {isa = PBXFileReference; explicitFileType = wrapper.cfbundle; includeInIndex = 0; path = "Layered Architecture + SOLIDTests.xctest"; sourceTree = BUILT_PRODUCTS_DIR; };
		3C64CB4C2EAE3306007522C4 /* Layered Architecture + SOLIDUITests.xctest */ = {isa = PBXFileReference; explicitFileType = wrapper.cfbundle; includeInIndex = 0; path = "Layered Architecture + SOLIDUITests.xctest"; sourceTree = BUILT_PRODUCTS_DIR; };
/* End PBXFileReference section */

/* Begin PBXFileSystemSynchronizedBuildFileExceptionSet section */
		3C64CB542EAE3306007522C4 /* Exceptions for "Layered Architecture + SOLID" folder in "Layered Architecture + SOLID" target */ = {
			isa = PBXFileSystemSynchronizedBuildFileExceptionSet;
			membershipExceptions = (
				Info.plist,
			);
			target = 3C64CB2B2EAE3305007522C4 /* Layered Architecture + SOLID */;
		};
/* End PBXFileSystemSynchronizedBuildFileExceptionSet section */

/* Begin PBXFileSystemSynchronizedRootGroup section */
		3C64CB2E2EAE3305007522C4 /* Layered Architecture + SOLID */ = {
			isa = PBXFileSystemSynchronizedRootGroup;
			exceptions = (
				3C64CB542EAE3306007522C4 /* Exceptions for "Layered Architecture + SOLID" folder in "Layered Architecture + SOLID" target */,
			);
			path = "Layered Architecture + SOLID";
			sourceTree = "<group>";
		};
		3C64CB452EAE3306007522C4 /* Layered Architecture + SOLIDTests */ = {
			isa = PBXFileSystemSynchronizedRootGroup;
			path = "Layered Architecture + SOLIDTests";
			sourceTree = "<group>";
		};
		3C64CB4F2EAE3306007522C4 /* Layered Architecture + SOLIDUITests */ = {
			isa = PBXFileSystemSynchronizedRootGroup;
			path = "Layered Architecture + SOLIDUITests";
			sourceTree = "<group>";
		};
/* End PBXFileSystemSynchronizedRootGroup section */

/* Begin PBXFrameworksBuildPhase section */
		3C64CB292EAE3305007522C4 /* Frameworks */ = {
			isa = PBXFrameworksBuildPhase;
			buildActionMask = 2147483647;
			files = (
			);
			runOnlyForDeploymentPostprocessing = 0;
		};
		3C64CB3F2EAE3306007522C4 /* Frameworks */ = {
			isa = PBXFrameworksBuildPhase;
			buildActionMask = 2147483647;
			files = (
			);
			runOnlyForDeploymentPostprocessing = 0;
		};
		3C64CB492EAE3306007522C4 /* Frameworks */ = {
			isa = PBXFrameworksBuildPhase;
			buildActionMask = 2147483647;
			files = (
			);
			runOnlyForDeploymentPostprocessing = 0;
		};
/* End PBXFrameworksBuildPhase section */

/* Begin PBXGroup section */
		3C64CB232EAE3305007522C4 = {
			isa = PBXGroup;
			children = (
				3C64CB2E2EAE3305007522C4 /* Layered Architecture + SOLID */,
				3C64CB452EAE3306007522C4 /* Layered Architecture + SOLIDTests */,
				3C64CB4F2EAE3306007522C4 /* Layered Architecture + SOLIDUITests */,
				3C64CB2D2EAE3305007522C4 /* Products */,
			);
			sourceTree = "<group>";
		};
		3C64CB2D2EAE3305007522C4 /* Products */ = {
			isa = PBXGroup;
			children = (
				3C64CB2C2EAE3305007522C4 /* Layered Architecture + SOLID.app */,
				3C64CB422EAE3306007522C4 /* Layered Architecture + SOLIDTests.xctest */,
				3C64CB4C2EAE3306007522C4 /* Layered Architecture + SOLIDUITests.xctest */,
			);
			name = Products;
			sourceTree = "<group>";
		};
/* End PBXGroup section */

/* Begin PBXNativeTarget section */
		3C64CB2B2EAE3305007522C4 /* Layered Architecture + SOLID */ = {
			isa = PBXNativeTarget;
			buildConfigurationList = 3C64CB552EAE3306007522C4 /* Build configuration list for PBXNativeTarget "Layered Architecture + SOLID" */;
			buildPhases = (
				3C64CB282EAE3305007522C4 /* Sources */,
				3C64CB292EAE3305007522C4 /* Frameworks */,
				3C64CB2A2EAE3305007522C4 /* Resources */,
			);
			buildRules = (
			);
			dependencies = (
			);
			fileSystemSynchronizedGroups = (
				3C64CB2E2EAE3305007522C4 /* Layered Architecture + SOLID */,
			);
			name = "Layered Architecture + SOLID";
			packageProductDependencies = (
			);
			productName = "Layered Architecture + SOLID";
			productReference = 3C64CB2C2EAE3305007522C4 /* Layered Architecture + SOLID.app */;
			productType = "com.apple.product-type.application";
		};
		3C64CB412EAE3306007522C4 /* Layered Architecture + SOLIDTests */ = {
			isa = PBXNativeTarget;
			buildConfigurationList = 3C64CB5A2EAE3306007522C4 /* Build configuration list for PBXNativeTarget "Layered Architecture + SOLIDTests" */;
			buildPhases = (
				3C64CB3E2EAE3306007522C4 /* Sources */,
				3C64CB3F2EAE3306007522C4 /* Frameworks */,
				3C64CB402EAE3306007522C4 /* Resources */,
			);
			buildRules = (
			);
			dependencies = (
				3C64CB442EAE3306007522C4 /* PBXTargetDependency */,
			);
			fileSystemSynchronizedGroups = (
				3C64CB452EAE3306007522C4 /* Layered Architecture + SOLIDTests */,
			);
			name = "Layered Architecture + SOLIDTests";
			packageProductDependencies = (
			);
			productName = "Layered Architecture + SOLIDTests";
			productReference = 3C64CB422EAE3306007522C4 /* Layered Architecture + SOLIDTests.xctest */;
			productType = "com.apple.product-type.bundle.unit-test";
		};
		3C64CB4B2EAE3306007522C4 /* Layered Architecture + SOLIDUITests */ = {
			isa = PBXNativeTarget;
			buildConfigurationList = 3C64CB5D2EAE3306007522C4 /* Build configuration list for PBXNativeTarget "Layered Architecture + SOLIDUITests" */;
			buildPhases = (
				3C64CB482EAE3306007522C4 /* Sources */,
				3C64CB492EAE3306007522C4 /* Frameworks */,
				3C64CB4A2EAE3306007522C4 /* Resources */,
			);
			buildRules = (
			);
			dependencies = (
				3C64CB4E2EAE3306007522C4 /* PBXTargetDependency */,
			);
			fileSystemSynchronizedGroups = (
				3C64CB4F2EAE3306007522C4 /* Layered Architecture + SOLIDUITests */,
			);
			name = "Layered Architecture + SOLIDUITests";
			packageProductDependencies = (
			);
			productName = "Layered Architecture + SOLIDUITests";
			productReference = 3C64CB4C2EAE3306007522C4 /* Layered Architecture + SOLIDUITests.xctest */;
			productType = "com.apple.product-type.bundle.ui-testing";
		};
/* End PBXNativeTarget section */

/* Begin PBXProject section */
		3C64CB242EAE3305007522C4 /* Project object */ = {
			isa = PBXProject;
			attributes = {
				BuildIndependentTargetsInParallel = 1;
				LastSwiftUpdateCheck = 1640;
				LastUpgradeCheck = 1640;
				TargetAttributes = {
					3C64CB2B2EAE3305007522C4 = {
						CreatedOnToolsVersion = 16.4;
					};
					3C64CB412EAE3306007522C4 = {
						CreatedOnToolsVersion = 16.4;
						TestTargetID = 3C64CB2B2EAE3305007522C4;
					};
					3C64CB4B2EAE3306007522C4 = {
						CreatedOnToolsVersion = 16.4;
						TestTargetID = 3C64CB2B2EAE3305007522C4;
					};
				};
			};
			buildConfigurationList = 3C64CB272EAE3305007522C4 /* Build configuration list for PBXProject "Layered Architecture + SOLID" */;
			developmentRegion = en;
			hasScannedForEncodings = 0;
			knownRegions = (
				en,
				Base,
			);
			mainGroup = 3C64CB232EAE3305007522C4;
			minimizedProjectReferenceProxies = 1;
			preferredProjectObjectVersion = 77;
			productRefGroup = 3C64CB2D2EAE3305007522C4 /* Products */;
			projectDirPath = "";
			projectRoot = "";
			targets = (
				3C64CB2B2EAE3305007522C4 /* Layered Architecture + SOLID */,
				3C64CB412EAE3306007522C4 /* Layered Architecture + SOLIDTests */,
				3C64CB4B2EAE3306007522C4 /* Layered Architecture + SOLIDUITests */,
			);
		};
/* End PBXProject section */

/* Begin PBXResourcesBuildPhase section */
		3C64CB2A2EAE3305007522C4 /* Resources */ = {
			isa = PBXResourcesBuildPhase;
			buildActionMask = 2147483647;
			files = (
			);
			runOnlyForDeploymentPostprocessing = 0;
		};
		3C64CB402EAE3306007522C4 /* Resources */ = {
			isa = PBXResourcesBuildPhase;
			buildActionMask = 2147483647;
			files = (
			);
			runOnlyForDeploymentPostprocessing = 0;
		};
		3C64CB4A2EAE3306007522C4 /* Resources */ = {
			isa = PBXResourcesBuildPhase;
			buildActionMask = 2147483647;
			files = (
			);
			runOnlyForDeploymentPostprocessing = 0;
		};
/* End PBXResourcesBuildPhase section */

/* Begin PBXSourcesBuildPhase section */
		3C64CB282EAE3305007522C4 /* Sources */ = {
			isa = PBXSourcesBuildPhase;
			buildActionMask = 2147483647;
			files = (
			);
			runOnlyForDeploymentPostprocessing = 0;
		};
		3C64CB3E2EAE3306007522C4 /* Sources */ = {
			isa = PBXSourcesBuildPhase;
			buildActionMask = 2147483647;
			files = (
			);
			runOnlyForDeploymentPostprocessing = 0;
		};
		3C64CB482EAE3306007522C4 /* Sources */ = {
			isa = PBXSourcesBuildPhase;
			buildActionMask = 2147483647;
			files = (
			);
			runOnlyForDeploymentPostprocessing = 0;
		};
/* End PBXSourcesBuildPhase section */

/* Begin PBXTargetDependency section */
		3C64CB442EAE3306007522C4 /* PBXTargetDependency */ = {
			isa = PBXTargetDependency;
			target = 3C64CB2B2EAE3305007522C4 /* Layered Architecture + SOLID */;
			targetProxy = 3C64CB432EAE3306007522C4 /* PBXContainerItemProxy */;
		};
		3C64CB4E2EAE3306007522C4 /* PBXTargetDependency */ = {
			isa = PBXTargetDependency;
			target = 3C64CB2B2EAE3305007522C4 /* Layered Architecture + SOLID */;
			targetProxy = 3C64CB4D2EAE3306007522C4 /* PBXContainerItemProxy */;
		};
/* End PBXTargetDependency section */

/* Begin XCBuildConfiguration section */
		3C64CB562EAE3306007522C4 /* Debug */ = {
			isa = XCBuildConfiguration;
			buildSettings = {
				ASSETCATALOG_COMPILER_APPICON_NAME = AppIcon;
				ASSETCATALOG_COMPILER_GLOBAL_ACCENT_COLOR_NAME = AccentColor;
				CODE_SIGN_STYLE = Automatic;
				CURRENT_PROJECT_VERSION = 1;
				DEVELOPMENT_TEAM = H9F7AN4C5W;
				GENERATE_INFOPLIST_FILE = YES;
				INFOPLIST_FILE = "Layered Architecture + SOLID/Info.plist";
				INFOPLIST_KEY_UIApplicationSupportsIndirectInputEvents = YES;
				INFOPLIST_KEY_UILaunchStoryboardName = LaunchScreen;
				INFOPLIST_KEY_UIMainStoryboardFile = Main;
				INFOPLIST_KEY_UISupportedInterfaceOrientations_iPad = "UIInterfaceOrientationPortrait UIInterfaceOrientationPortraitUpsideDown UIInterfaceOrientationLandscapeLeft UIInterfaceOrientationLandscapeRight";
				INFOPLIST_KEY_UISupportedInterfaceOrientations_iPhone = "UIInterfaceOrientationPortrait UIInterfaceOrientationLandscapeLeft UIInterfaceOrientationLandscapeRight";
				LD_RUNPATH_SEARCH_PATHS = (
					"$(inherited)",
					"@executable_path/Frameworks",
				);
				MARKETING_VERSION = 1.0;
				PRODUCT_BUNDLE_IDENTIFIER = "jp.co.toai.test..Layered-Architecture---SOLID";
				PRODUCT_NAME = "$(TARGET_NAME)";
				SWIFT_EMIT_LOC_STRINGS = YES;
				SWIFT_VERSION = 5.0;
				TARGETED_DEVICE_FAMILY = "1,2";
			};
			name = Debug;
		};
		3C64CB572EAE3306007522C4 /* Release */ = {
			isa = XCBuildConfiguration;
			buildSettings = {
				ASSETCATALOG_COMPILER_APPICON_NAME = AppIcon;
				ASSETCATALOG_COMPILER_GLOBAL_ACCENT_COLOR_NAME = AccentColor;
				CODE_SIGN_STYLE = Automatic;
				CURRENT_PROJECT_VERSION = 1;
				DEVELOPMENT_TEAM = H9F7AN4C5W;
				GENERATE_INFOPLIST_FILE = YES;
				INFOPLIST_FILE = "Layered Architecture + SOLID/Info.plist";
				INFOPLIST_KEY_UIApplicationSupportsIndirectInputEvents = YES;
				INFOPLIST_KEY_UILaunchStoryboardName = LaunchScreen;
				INFOPLIST_KEY_UIMainStoryboardFile = Main;
				INFOPLIST_KEY_UISupportedInterfaceOrientations_iPad = "UIInterfaceOrientationPortrait UIInterfaceOrientationPortraitUpsideDown UIInterfaceOrientationLandscapeLeft UIInterfaceOrientationLandscapeRight";
				INFOPLIST_KEY_UISupportedInterfaceOrientations_iPhone = "UIInterfaceOrientationPortrait UIInterfaceOrientationLandscapeLeft UIInterfaceOrientationLandscapeRight";
				LD_RUNPATH_SEARCH_PATHS = (
					"$(inherited)",
					"@executable_path/Frameworks",
				);
				MARKETING_VERSION = 1.0;
				PRODUCT_BUNDLE_IDENTIFIER = "jp.co.toai.test..Layered-Architecture---SOLID";
				PRODUCT_NAME = "$(TARGET_NAME)";
				SWIFT_EMIT_LOC_STRINGS = YES;
				SWIFT_VERSION = 5.0;
				TARGETED_DEVICE_FAMILY = "1,2";
			};
			name = Release;
		};
		3C64CB582EAE3306007522C4 /* Debug */ = {
			isa = XCBuildConfiguration;
			buildSettings = {
				ALWAYS_SEARCH_USER_PATHS = NO;
				ASSETCATALOG_COMPILER_GENERATE_SWIFT_ASSET_SYMBOL_EXTENSIONS = YES;
				CLANG_ANALYZER_NONNULL = YES;
				CLANG_ANALYZER_NUMBER_OBJECT_CONVERSION = YES_AGGRESSIVE;
				CLANG_CXX_LANGUAGE_STANDARD = "gnu++20";
				CLANG_ENABLE_MODULES = YES;
				CLANG_ENABLE_OBJC_ARC = YES;
				CLANG_ENABLE_OBJC_WEAK = YES;
				CLANG_WARN_BLOCK_CAPTURE_AUTORELEASING = YES;
				CLANG_WARN_BOOL_CONVERSION = YES;
				CLANG_WARN_COMMA = YES;
				CLANG_WARN_CONSTANT_CONVERSION = YES;
				CLANG_WARN_DEPRECATED_OBJC_IMPLEMENTATIONS = YES;
				CLANG_WARN_DIRECT_OBJC_ISA_USAGE = YES_ERROR;
				CLANG_WARN_DOCUMENTATION_COMMENTS = YES;
				CLANG_WARN_EMPTY_BODY = YES;
				CLANG_WARN_ENUM_CONVERSION = YES;
				CLANG_WARN_INFINITE_RECURSION = YES;
				CLANG_WARN_INT_CONVERSION = YES;
				CLANG_WARN_NON_LITERAL_NULL_CONVERSION = YES;
				CLANG_WARN_OBJC_IMPLICIT_RETAIN_SELF = YES;
				CLANG_WARN_OBJC_LITERAL_CONVERSION = YES;
				CLANG_WARN_OBJC_ROOT_CLASS = YES_ERROR;
				CLANG_WARN_QUOTED_INCLUDE_IN_FRAMEWORK_HEADER = YES;
				CLANG_WARN_RANGE_LOOP_ANALYSIS = YES;
				CLANG_WARN_STRICT_PROTOTYPES = YES;
				CLANG_WARN_SUSPICIOUS_MOVE = YES;
				CLANG_WARN_UNGUARDED_AVAILABILITY = YES_AGGRESSIVE;
				CLANG_WARN_UNREACHABLE_CODE = YES;
				CLANG_WARN__DUPLICATE_METHOD_MATCH = YES;
				COPY_PHASE_STRIP = NO;
				DEBUG_INFORMATION_FORMAT = dwarf;
				DEVELOPMENT_TEAM = H9F7AN4C5W;
				ENABLE_STRICT_OBJC_MSGSEND = YES;
				ENABLE_TESTABILITY = YES;
				ENABLE_USER_SCRIPT_SANDBOXING = YES;
				GCC_C_LANGUAGE_STANDARD = gnu17;
				GCC_DYNAMIC_NO_PIC = NO;
				GCC_NO_COMMON_BLOCKS = YES;
				GCC_OPTIMIZATION_LEVEL = 0;
				GCC_PREPROCESSOR_DEFINITIONS = (
					"DEBUG=1",
					"$(inherited)",
				);
				GCC_WARN_64_TO_32_BIT_CONVERSION = YES;
				GCC_WARN_ABOUT_RETURN_TYPE = YES_ERROR;
				GCC_WARN_UNDECLARED_SELECTOR = YES;
				GCC_WARN_UNINITIALIZED_AUTOS = YES_AGGRESSIVE;
				GCC_WARN_UNUSED_FUNCTION = YES;
				GCC_WARN_UNUSED_VARIABLE = YES;
				IPHONEOS_DEPLOYMENT_TARGET = 18.5;
				LOCALIZATION_PREFERS_STRING_CATALOGS = YES;
				MTL_ENABLE_DEBUG_INFO = INCLUDE_SOURCE;
				MTL_FAST_MATH = YES;
				ONLY_ACTIVE_ARCH = YES;
				SDKROOT = iphoneos;
				SWIFT_ACTIVE_COMPILATION_CONDITIONS = "DEBUG $(inherited)";
				SWIFT_OPTIMIZATION_LEVEL = "-Onone";
			};
			name = Debug;
		};
		3C64CB592EAE3306007522C4 /* Release */ = {
			isa = XCBuildConfiguration;
			buildSettings = {
				ALWAYS_SEARCH_USER_PATHS = NO;
				ASSETCATALOG_COMPILER_GENERATE_SWIFT_ASSET_SYMBOL_EXTENSIONS = YES;
				CLANG_ANALYZER_NONNULL = YES;
				CLANG_ANALYZER_NUMBER_OBJECT_CONVERSION = YES_AGGRESSIVE;
				CLANG_CXX_LANGUAGE_STANDARD = "gnu++20";
				CLANG_ENABLE_MODULES = YES;
				CLANG_ENABLE_OBJC_ARC = YES;
				CLANG_ENABLE_OBJC_WEAK = YES;
				CLANG_WARN_BLOCK_CAPTURE_AUTORELEASING = YES;
				CLANG_WARN_BOOL_CONVERSION = YES;
				CLANG_WARN_COMMA = YES;
				CLANG_WARN_CONSTANT_CONVERSION = YES;
				CLANG_WARN_DEPRECATED_OBJC_IMPLEMENTATIONS = YES;
				CLANG_WARN_DIRECT_OBJC_ISA_USAGE = YES_ERROR;
				CLANG_WARN_DOCUMENTATION_COMMENTS = YES;
				CLANG_WARN_EMPTY_BODY = YES;
				CLANG_WARN_ENUM_CONVERSION = YES;
				CLANG_WARN_INFINITE_RECURSION = YES;
				CLANG_WARN_INT_CONVERSION = YES;
				CLANG_WARN_NON_LITERAL_NULL_CONVERSION = YES;
				CLANG_WARN_OBJC_IMPLICIT_RETAIN_SELF = YES;
				CLANG_WARN_OBJC_LITERAL_CONVERSION = YES;
				CLANG_WARN_OBJC_ROOT_CLASS = YES_ERROR;
				CLANG_WARN_QUOTED_INCLUDE_IN_FRAMEWORK_HEADER = YES;
				CLANG_WARN_RANGE_LOOP_ANALYSIS = YES;
				CLANG_WARN_STRICT_PROTOTYPES = YES;
				CLANG_WARN_SUSPICIOUS_MOVE = YES;
				CLANG_WARN_UNGUARDED_AVAILABILITY = YES_AGGRESSIVE;
				CLANG_WARN_UNREACHABLE_CODE = YES;
				CLANG_WARN__DUPLICATE_METHOD_MATCH = YES;
				COPY_PHASE_STRIP = NO;
				DEBUG_INFORMATION_FORMAT = "dwarf-with-dsym";
				DEVELOPMENT_TEAM = H9F7AN4C5W;
				ENABLE_NS_ASSERTIONS = NO;
				ENABLE_STRICT_OBJC_MSGSEND = YES;
				ENABLE_USER_SCRIPT_SANDBOXING = YES;
				GCC_C_LANGUAGE_STANDARD = gnu17;
				GCC_NO_COMMON_BLOCKS = YES;
				GCC_WARN_64_TO_32_BIT_CONVERSION = YES;
				GCC_WARN_ABOUT_RETURN_TYPE = YES_ERROR;
				GCC_WARN_UNDECLARED_SELECTOR = YES;
				GCC_WARN_UNINITIALIZED_AUTOS = YES_AGGRESSIVE;
				GCC_WARN_UNUSED_FUNCTION = YES;
				GCC_WARN_UNUSED_VARIABLE = YES;
				IPHONEOS_DEPLOYMENT_TARGET = 18.5;
				LOCALIZATION_PREFERS_STRING_CATALOGS = YES;
				MTL_ENABLE_DEBUG_INFO = NO;
				MTL_FAST_MATH = YES;
				SDKROOT = iphoneos;
				SWIFT_COMPILATION_MODE = wholemodule;
				VALIDATE_PRODUCT = YES;
			};
			name = Release;
		};
		3C64CB5B2EAE3306007522C4 /* Debug */ = {
			isa = XCBuildConfiguration;
			buildSettings = {
				BUNDLE_LOADER = "$(TEST_HOST)";
				CODE_SIGN_STYLE = Automatic;
				CURRENT_PROJECT_VERSION = 1;
				DEVELOPMENT_TEAM = H9F7AN4C5W;
				GENERATE_INFOPLIST_FILE = YES;
				IPHONEOS_DEPLOYMENT_TARGET = 18.5;
				MARKETING_VERSION = 1.0;
				PRODUCT_BUNDLE_IDENTIFIER = "jp.co.toai.test..Layered-Architecture---SOLIDTests";
				PRODUCT_NAME = "$(TARGET_NAME)";
				SWIFT_EMIT_LOC_STRINGS = NO;
				SWIFT_VERSION = 5.0;
				TARGETED_DEVICE_FAMILY = "1,2";
				TEST_HOST = "$(BUILT_PRODUCTS_DIR)/Layered Architecture + SOLID.app/$(BUNDLE_EXECUTABLE_FOLDER_PATH)/Layered Architecture + SOLID";
			};
			name = Debug;
		};
		3C64CB5C2EAE3306007522C4 /* Release */ = {
			isa = XCBuildConfiguration;
			buildSettings = {
				BUNDLE_LOADER = "$(TEST_HOST)";
				CODE_SIGN_STYLE = Automatic;
				CURRENT_PROJECT_VERSION = 1;
				DEVELOPMENT_TEAM = H9F7AN4C5W;
				GENERATE_INFOPLIST_FILE = YES;
				IPHONEOS_DEPLOYMENT_TARGET = 18.5;
				MARKETING_VERSION = 1.0;
				PRODUCT_BUNDLE_IDENTIFIER = "jp.co.toai.test..Layered-Architecture---SOLIDTests";
				PRODUCT_NAME = "$(TARGET_NAME)";
				SWIFT_EMIT_LOC_STRINGS = NO;
				SWIFT_VERSION = 5.0;
				TARGETED_DEVICE_FAMILY = "1,2";
				TEST_HOST = "$(BUILT_PRODUCTS_DIR)/Layered Architecture + SOLID.app/$(BUNDLE_EXECUTABLE_FOLDER_PATH)/Layered Architecture + SOLID";
			};
			name = Release;
		};
		3C64CB5E2EAE3306007522C4 /* Debug */ = {
			isa = XCBuildConfiguration;
			buildSettings = {
				CODE_SIGN_STYLE = Automatic;
				CURRENT_PROJECT_VERSION = 1;
				DEVELOPMENT_TEAM = H9F7AN4C5W;
				GENERATE_INFOPLIST_FILE = YES;
				MARKETING_VERSION = 1.0;
				PRODUCT_BUNDLE_IDENTIFIER = "jp.co.toai.test..Layered-Architecture---SOLIDUITests";
				PRODUCT_NAME = "$(TARGET_NAME)";
				SWIFT_EMIT_LOC_STRINGS = NO;
				SWIFT_VERSION = 5.0;
				TARGETED_DEVICE_FAMILY = "1,2";
				TEST_TARGET_NAME = "Layered Architecture + SOLID";
			};
			name = Debug;
		};
		3C64CB5F2EAE3306007522C4 /* Release */ = {
			isa = XCBuildConfiguration;
			buildSettings = {
				CODE_SIGN_STYLE = Automatic;
				CURRENT_PROJECT_VERSION = 1;
				DEVELOPMENT_TEAM = H9F7AN4C5W;
				GENERATE_INFOPLIST_FILE = YES;
				MARKETING_VERSION = 1.0;
				PRODUCT_BUNDLE_IDENTIFIER = "jp.co.toai.test..Layered-Architecture---SOLIDUITests";
				PRODUCT_NAME = "$(TARGET_NAME)";
				SWIFT_EMIT_LOC_STRINGS = NO;
				SWIFT_VERSION = 5.0;
				TARGETED_DEVICE_FAMILY = "1,2";
				TEST_TARGET_NAME = "Layered Architecture + SOLID";
			};
			name = Release;
		};
/* End XCBuildConfiguration section */

/* Begin XCConfigurationList section */
		3C64CB272EAE3305007522C4 /* Build configuration list for PBXProject "Layered Architecture + SOLID" */ = {
			isa = XCConfigurationList;
			buildConfigurations = (
				3C64CB582EAE3306007522C4 /* Debug */,
				3C64CB592EAE3306007522C4 /* Release */,
			);
			defaultConfigurationIsVisible = 0;
			defaultConfigurationName = Release;
		};
		3C64CB552EAE3306007522C4 /* Build configuration list for PBXNativeTarget "Layered Architecture + SOLID" */ = {
			isa = XCConfigurationList;
			buildConfigurations = (
				3C64CB562EAE3306007522C4 /* Debug */,
				3C64CB572EAE3306007522C4 /* Release */,
			);
			defaultConfigurationIsVisible = 0;
			defaultConfigurationName = Release;
		};
		3C64CB5A2EAE3306007522C4 /* Build configuration list for PBXNativeTarget "Layered Architecture + SOLIDTests" */ = {
			isa = XCConfigurationList;
			buildConfigurations = (
				3C64CB5B2EAE3306007522C4 /* Debug */,
				3C64CB5C2EAE3306007522C4 /* Release */,
			);
			defaultConfigurationIsVisible = 0;
			defaultConfigurationName = Release;
		};
		3C64CB5D2EAE3306007522C4 /* Build configuration list for PBXNativeTarget "Layered Architecture + SOLIDUITests" */ = {
			isa = XCConfigurationList;
			buildConfigurations = (
				3C64CB5E2EAE3306007522C4 /* Debug */,
				3C64CB5F2EAE3306007522C4 /* Release */,
			);
			defaultConfigurationIsVisible = 0;
			defaultConfigurationName = Release;
		};
/* End XCConfigurationList section */
	};
	rootObject = 3C64CB242EAE3305007522C4 /* Project object */;
}
